
Microsoft Visual Studio Solution File, Format Version 12.00
# Visual Studio Version 16
VisualStudioVersion = 16.0.31624.102
MinimumVisualStudioVersion = 10.0.40219.1
Project("{FAE04EC0-301F-11D3-BF4B-00C04F79EFBC}") = "ExceptionCallStackApp", "ExceptionCallStackApp\ExceptionCallStackApp.csproj", "{3B071CD6-20C2-41DB-9CC7-E984A2E5C01B}"
EndProject
Global
	GlobalSection(SolutionConfigurationPlatforms) = preSolution
		Debug|Any CPU = Debug|Any CPU
		Release|Any CPU = Release|Any CPU
	EndGlobalSection
	GlobalSection(ProjectConfigurationPlatforms) = postSolution
		{3B071CD6-20C2-41DB-9CC7-E984A2E5C01B}.Debug|Any CPU.ActiveCfg = Debug|Any CPU
		{3B071CD6-20C2-41DB-9CC7-E984A2E5C01B}.Debug|Any CPU.Build.0 = Debug|Any CPU
		{3B071CD6-20C2-41DB-9CC7-E984A2E5C01B}.Release|Any CPU.ActiveCfg = Release|Any CPU
		{3B071CD6-20C2-41DB-9CC7-E984A2E5C01B}.Release|Any CPU.Build.0 = Release|Any CPU
	EndGlobalSection
	GlobalSection(SolutionProperties) = preSolution
		HideSolutionNode = FALSE
	EndGlobalSection
	GlobalSection(ExtensibilityGlobals) = postSolution
		SolutionGuid = {2982B516-66B8-4A36-A053-D4C34ED00905}
	EndGlobalSection
EndGlobal
