
Microsoft Visual Studio Solution File, Format Version 12.00
# Visual Studio Version 16
VisualStudioVersion = 16.0.31624.102
MinimumVisualStudioVersion = 10.0.40219.1
Project("{FAE04EC0-301F-11D3-BF4B-00C04F79EFBC}") = "CircleEncapsulationApp", "CircleEncapsulationApp\CircleEncapsulationApp.csproj", "{B9B1800F-92A1-4125-A7AF-03DDD745F15C}"
EndProject
Global
	GlobalSection(SolutionConfigurationPlatforms) = preSolution
		Debug|Any CPU = Debug|Any CPU
		Release|Any CPU = Release|Any CPU
	EndGlobalSection
	GlobalSection(ProjectConfigurationPlatforms) = postSolution
		{B9B1800F-92A1-4125-A7AF-03DDD745F15C}.Debug|Any CPU.ActiveCfg = Debug|Any CPU
		{B9B1800F-92A1-4125-A7AF-03DDD745F15C}.Debug|Any CPU.Build.0 = Debug|Any CPU
		{B9B1800F-92A1-4125-A7AF-03DDD745F15C}.Release|Any CPU.ActiveCfg = Release|Any CPU
		{B9B1800F-92A1-4125-A7AF-03DDD745F15C}.Release|Any CPU.Build.0 = Release|Any CPU
	EndGlobalSection
	GlobalSection(SolutionProperties) = preSolution
		HideSolutionNode = FALSE
	EndGlobalSection
	GlobalSection(ExtensibilityGlobals) = postSolution
		SolutionGuid = {307BBED5-9F9A-472A-9984-FBACB560C54C}
	EndGlobalSection
EndGlobal
