
Microsoft Visual Studio Solution File, Format Version 12.00
# Visual Studio Version 16
VisualStudioVersion = 16.0.31624.102
MinimumVisualStudioVersion = 10.0.40219.1
Project("{FAE04EC0-301F-11D3-BF4B-00C04F79EFBC}") = "FunctionEvenOddApp", "FunctionEvenOddApp\FunctionEvenOddApp.csproj", "{ACF39CD5-1636-45AE-AD04-AA376AE80EEF}"
EndProject
Global
	GlobalSection(SolutionConfigurationPlatforms) = preSolution
		Debug|Any CPU = Debug|Any CPU
		Release|Any CPU = Release|Any CPU
	EndGlobalSection
	GlobalSection(ProjectConfigurationPlatforms) = postSolution
		{ACF39CD5-1636-45AE-AD04-AA376AE80EEF}.Debug|Any CPU.ActiveCfg = Debug|Any CPU
		{ACF39CD5-1636-45AE-AD04-AA376AE80EEF}.Debug|Any CPU.Build.0 = Debug|Any CPU
		{ACF39CD5-1636-45AE-AD04-AA376AE80EEF}.Release|Any CPU.ActiveCfg = Release|Any CPU
		{ACF39CD5-1636-45AE-AD04-AA376AE80EEF}.Release|Any CPU.Build.0 = Release|Any CPU
	EndGlobalSection
	GlobalSection(SolutionProperties) = preSolution
		HideSolutionNode = FALSE
	EndGlobalSection
	GlobalSection(ExtensibilityGlobals) = postSolution
		SolutionGuid = {CCF7D767-A781-49C1-85FD-99D2B0C8074C}
	EndGlobalSection
EndGlobal
