
Microsoft Visual Studio Solution File, Format Version 12.00
# Visual Studio Version 16
VisualStudioVersion = 16.0.31624.102
MinimumVisualStudioVersion = 10.0.40219.1
Project("{FAE04EC0-301F-11D3-BF4B-00C04F79EFBC}") = "FileReadWriteApp", "FileReadWriteApp\FileReadWriteApp.csproj", "{C78B6A71-7613-451E-B01C-66C569DD623C}"
EndProject
Global
	GlobalSection(SolutionConfigurationPlatforms) = preSolution
		Debug|Any CPU = Debug|Any CPU
		Release|Any CPU = Release|Any CPU
	EndGlobalSection
	GlobalSection(ProjectConfigurationPlatforms) = postSolution
		{C78B6A71-7613-451E-B01C-66C569DD623C}.Debug|Any CPU.ActiveCfg = Debug|Any CPU
		{C78B6A71-7613-451E-B01C-66C569DD623C}.Debug|Any CPU.Build.0 = Debug|Any CPU
		{C78B6A71-7613-451E-B01C-66C569DD623C}.Release|Any CPU.ActiveCfg = Release|Any CPU
		{C78B6A71-7613-451E-B01C-66C569DD623C}.Release|Any CPU.Build.0 = Release|Any CPU
	EndGlobalSection
	GlobalSection(SolutionProperties) = preSolution
		HideSolutionNode = FALSE
	EndGlobalSection
	GlobalSection(ExtensibilityGlobals) = postSolution
		SolutionGuid = {F70616C3-917A-4B06-B0C8-108542CF27B9}
	EndGlobalSection
EndGlobal
