
Microsoft Visual Studio Solution File, Format Version 12.00
# Visual Studio Version 16
VisualStudioVersion = 16.0.31624.102
MinimumVisualStudioVersion = 10.0.40219.1
Project("{FAE04EC0-301F-11D3-BF4B-00C04F79EFBC}") = "SRPViolationApp", "SRPViolationApp\SRPViolationApp.csproj", "{2231B04F-BD1D-4AA5-9B50-D6A770FD04A3}"
EndProject
Project("{FAE04EC0-301F-11D3-BF4B-00C04F79EFBC}") = "SRPSolutionApp", "SRPSolutionApp\SRPSolutionApp.csproj", "{B2D18798-352F-4AA3-B315-4A04E0207ED7}"
EndProject
Global
	GlobalSection(SolutionConfigurationPlatforms) = preSolution
		Debug|Any CPU = Debug|Any CPU
		Release|Any CPU = Release|Any CPU
	EndGlobalSection
	GlobalSection(ProjectConfigurationPlatforms) = postSolution
		{2231B04F-BD1D-4AA5-9B50-D6A770FD04A3}.Debug|Any CPU.ActiveCfg = Debug|Any CPU
		{2231B04F-BD1D-4AA5-9B50-D6A770FD04A3}.Debug|Any CPU.Build.0 = Debug|Any CPU
		{2231B04F-BD1D-4AA5-9B50-D6A770FD04A3}.Release|Any CPU.ActiveCfg = Release|Any CPU
		{2231B04F-BD1D-4AA5-9B50-D6A770FD04A3}.Release|Any CPU.Build.0 = Release|Any CPU
		{B2D18798-352F-4AA3-B315-4A04E0207ED7}.Debug|Any CPU.ActiveCfg = Debug|Any CPU
		{B2D18798-352F-4AA3-B315-4A04E0207ED7}.Debug|Any CPU.Build.0 = Debug|Any CPU
		{B2D18798-352F-4AA3-B315-4A04E0207ED7}.Release|Any CPU.ActiveCfg = Release|Any CPU
		{B2D18798-352F-4AA3-B315-4A04E0207ED7}.Release|Any CPU.Build.0 = Release|Any CPU
	EndGlobalSection
	GlobalSection(SolutionProperties) = preSolution
		HideSolutionNode = FALSE
	EndGlobalSection
	GlobalSection(ExtensibilityGlobals) = postSolution
		SolutionGuid = {4D2E905F-DD77-478B-81A9-A07DDCF776F4}
	EndGlobalSection
EndGlobal
