
Microsoft Visual Studio Solution File, Format Version 12.00
# Visual Studio Version 16
VisualStudioVersion = 16.0.31624.102
MinimumVisualStudioVersion = 10.0.40219.1
Project("{FAE04EC0-301F-11D3-BF4B-00C04F79EFBC}") = "AccountPolymorphismApp", "AccountPolymorphismApp\AccountPolymorphismApp.csproj", "{78739C48-11E5-470F-814B-E6C9760A0BAA}"
EndProject
Global
	GlobalSection(SolutionConfigurationPlatforms) = preSolution
		Debug|Any CPU = Debug|Any CPU
		Release|Any CPU = Release|Any CPU
	EndGlobalSection
	GlobalSection(ProjectConfigurationPlatforms) = postSolution
		{78739C48-11E5-470F-814B-E6C9760A0BAA}.Debug|Any CPU.ActiveCfg = Debug|Any CPU
		{78739C48-11E5-470F-814B-E6C9760A0BAA}.Debug|Any CPU.Build.0 = Debug|Any CPU
		{78739C48-11E5-470F-814B-E6C9760A0BAA}.Release|Any CPU.ActiveCfg = Release|Any CPU
		{78739C48-11E5-470F-814B-E6C9760A0BAA}.Release|Any CPU.Build.0 = Release|Any CPU
	EndGlobalSection
	GlobalSection(SolutionProperties) = preSolution
		HideSolutionNode = FALSE
	EndGlobalSection
	GlobalSection(ExtensibilityGlobals) = postSolution
		SolutionGuid = {58205408-87BF-4BD0-ADF9-A66BF8326BAD}
	EndGlobalSection
EndGlobal
