
Microsoft Visual Studio Solution File, Format Version 12.00
# Visual Studio Version 16
VisualStudioVersion = 16.0.31624.102
MinimumVisualStudioVersion = 10.0.40219.1
Project("{FAE04EC0-301F-11D3-BF4B-00C04F79EFBC}") = "GenericDictApp", "GenericDictApp\GenericDictApp.csproj", "{4537253A-BBEC-42EE-BF4B-215963B36DE2}"
EndProject
Global
	GlobalSection(SolutionConfigurationPlatforms) = preSolution
		Debug|Any CPU = Debug|Any CPU
		Release|Any CPU = Release|Any CPU
	EndGlobalSection
	GlobalSection(ProjectConfigurationPlatforms) = postSolution
		{4537253A-BBEC-42EE-BF4B-215963B36DE2}.Debug|Any CPU.ActiveCfg = Debug|Any CPU
		{4537253A-BBEC-42EE-BF4B-215963B36DE2}.Debug|Any CPU.Build.0 = Debug|Any CPU
		{4537253A-BBEC-42EE-BF4B-215963B36DE2}.Release|Any CPU.ActiveCfg = Release|Any CPU
		{4537253A-BBEC-42EE-BF4B-215963B36DE2}.Release|Any CPU.Build.0 = Release|Any CPU
	EndGlobalSection
	GlobalSection(SolutionProperties) = preSolution
		HideSolutionNode = FALSE
	EndGlobalSection
	GlobalSection(ExtensibilityGlobals) = postSolution
		SolutionGuid = {A64ADD8D-5284-421A-BB7F-C08A3D150336}
	EndGlobalSection
EndGlobal
