
Microsoft Visual Studio Solution File, Format Version 12.00
# Visual Studio Version 16
VisualStudioVersion = 16.0.31624.102
MinimumVisualStudioVersion = 10.0.40219.1
Project("{FAE04EC0-301F-11D3-BF4B-00C04F79EFBC}") = "ToDoApp", "ToDoApp\ToDoApp.csproj", "{E56DA505-428C-43BC-804E-D6B316F702A7}"
EndProject
Global
	GlobalSection(SolutionConfigurationPlatforms) = preSolution
		Debug|Any CPU = Debug|Any CPU
		Release|Any CPU = Release|Any CPU
	EndGlobalSection
	GlobalSection(ProjectConfigurationPlatforms) = postSolution
		{E56DA505-428C-43BC-804E-D6B316F702A7}.Debug|Any CPU.ActiveCfg = Debug|Any CPU
		{E56DA505-428C-43BC-804E-D6B316F702A7}.Debug|Any CPU.Build.0 = Debug|Any CPU
		{E56DA505-428C-43BC-804E-D6B316F702A7}.Release|Any CPU.ActiveCfg = Release|Any CPU
		{E56DA505-428C-43BC-804E-D6B316F702A7}.Release|Any CPU.Build.0 = Release|Any CPU
	EndGlobalSection
	GlobalSection(SolutionProperties) = preSolution
		HideSolutionNode = FALSE
	EndGlobalSection
	GlobalSection(ExtensibilityGlobals) = postSolution
		SolutionGuid = {217481A2-44DB-4096-899A-E8428B92575E}
	EndGlobalSection
EndGlobal
