
Microsoft Visual Studio Solution File, Format Version 12.00
# Visual Studio Version 16
VisualStudioVersion = 16.0.31624.102
MinimumVisualStudioVersion = 10.0.40219.1
Project("{FAE04EC0-301F-11D3-BF4B-00C04F79EFBC}") = "RectangleEncapsulationApp", "RectangleEncapsulationApp\RectangleEncapsulationApp.csproj", "{D33F60A4-4C7A-4AAB-8E2D-9FD9F6F06B41}"
EndProject
Global
	GlobalSection(SolutionConfigurationPlatforms) = preSolution
		Debug|Any CPU = Debug|Any CPU
		Release|Any CPU = Release|Any CPU
	EndGlobalSection
	GlobalSection(ProjectConfigurationPlatforms) = postSolution
		{D33F60A4-4C7A-4AAB-8E2D-9FD9F6F06B41}.Debug|Any CPU.ActiveCfg = Debug|Any CPU
		{D33F60A4-4C7A-4AAB-8E2D-9FD9F6F06B41}.Debug|Any CPU.Build.0 = Debug|Any CPU
		{D33F60A4-4C7A-4AAB-8E2D-9FD9F6F06B41}.Release|Any CPU.ActiveCfg = Release|Any CPU
		{D33F60A4-4C7A-4AAB-8E2D-9FD9F6F06B41}.Release|Any CPU.Build.0 = Release|Any CPU
	EndGlobalSection
	GlobalSection(SolutionProperties) = preSolution
		HideSolutionNode = FALSE
	EndGlobalSection
	GlobalSection(ExtensibilityGlobals) = postSolution
		SolutionGuid = {4EA870CE-7E1D-4EF4-9DA7-1DAE2BF5C17D}
	EndGlobalSection
EndGlobal
