
Microsoft Visual Studio Solution File, Format Version 12.00
# Visual Studio Version 16
VisualStudioVersion = 16.0.31624.102
MinimumVisualStudioVersion = 10.0.40219.1
Project("{FAE04EC0-301F-11D3-BF4B-00C04F79EFBC}") = "ArryListHashDictionaryApp", "ArryListHashDictionaryApp\ArryListHashDictionaryApp.csproj", "{700F0B95-A8D1-40AF-B87D-64B1337D932D}"
EndProject
Global
	GlobalSection(SolutionConfigurationPlatforms) = preSolution
		Debug|Any CPU = Debug|Any CPU
		Release|Any CPU = Release|Any CPU
	EndGlobalSection
	GlobalSection(ProjectConfigurationPlatforms) = postSolution
		{700F0B95-A8D1-40AF-B87D-64B1337D932D}.Debug|Any CPU.ActiveCfg = Debug|Any CPU
		{700F0B95-A8D1-40AF-B87D-64B1337D932D}.Debug|Any CPU.Build.0 = Debug|Any CPU
		{700F0B95-A8D1-40AF-B87D-64B1337D932D}.Release|Any CPU.ActiveCfg = Release|Any CPU
		{700F0B95-A8D1-40AF-B87D-64B1337D932D}.Release|Any CPU.Build.0 = Release|Any CPU
	EndGlobalSection
	GlobalSection(SolutionProperties) = preSolution
		HideSolutionNode = FALSE
	EndGlobalSection
	GlobalSection(ExtensibilityGlobals) = postSolution
		SolutionGuid = {4C327C40-1A66-40C0-A29D-7C17E1986A6B}
	EndGlobalSection
EndGlobal
