
Microsoft Visual Studio Solution File, Format Version 12.00
# Visual Studio Version 16
VisualStudioVersion = 16.0.31624.102
MinimumVisualStudioVersion = 10.0.40219.1
Project("{FAE04EC0-301F-11D3-BF4B-00C04F79EFBC}") = "ProofOfStringImmutabilityApp", "ProofOfStringImmutabilityApp\ProofOfStringImmutabilityApp.csproj", "{AF2167E3-B575-4E28-BDA0-22A5B44A3E9B}"
EndProject
Global
	GlobalSection(SolutionConfigurationPlatforms) = preSolution
		Debug|Any CPU = Debug|Any CPU
		Release|Any CPU = Release|Any CPU
	EndGlobalSection
	GlobalSection(ProjectConfigurationPlatforms) = postSolution
		{AF2167E3-B575-4E28-BDA0-22A5B44A3E9B}.Debug|Any CPU.ActiveCfg = Debug|Any CPU
		{AF2167E3-B575-4E28-BDA0-22A5B44A3E9B}.Debug|Any CPU.Build.0 = Debug|Any CPU
		{AF2167E3-B575-4E28-BDA0-22A5B44A3E9B}.Release|Any CPU.ActiveCfg = Release|Any CPU
		{AF2167E3-B575-4E28-BDA0-22A5B44A3E9B}.Release|Any CPU.Build.0 = Release|Any CPU
	EndGlobalSection
	GlobalSection(SolutionProperties) = preSolution
		HideSolutionNode = FALSE
	EndGlobalSection
	GlobalSection(ExtensibilityGlobals) = postSolution
		SolutionGuid = {F8A17C4C-3C37-448B-8139-8FF541F009EA}
	EndGlobalSection
EndGlobal
