
Microsoft Visual Studio Solution File, Format Version 12.00
# Visual Studio Version 16
VisualStudioVersion = 16.0.31624.102
MinimumVisualStudioVersion = 10.0.40219.1
Project("{FAE04EC0-301F-11D3-BF4B-00C04F79EFBC}") = "FunctionArrayApp", "FunctionArrayApp\FunctionArrayApp.csproj", "{F07D605C-03D2-4A49-812A-AF45D1EB98C0}"
EndProject
Global
	GlobalSection(SolutionConfigurationPlatforms) = preSolution
		Debug|Any CPU = Debug|Any CPU
		Release|Any CPU = Release|Any CPU
	EndGlobalSection
	GlobalSection(ProjectConfigurationPlatforms) = postSolution
		{F07D605C-03D2-4A49-812A-AF45D1EB98C0}.Debug|Any CPU.ActiveCfg = Debug|Any CPU
		{F07D605C-03D2-4A49-812A-AF45D1EB98C0}.Debug|Any CPU.Build.0 = Debug|Any CPU
		{F07D605C-03D2-4A49-812A-AF45D1EB98C0}.Release|Any CPU.ActiveCfg = Release|Any CPU
		{F07D605C-03D2-4A49-812A-AF45D1EB98C0}.Release|Any CPU.Build.0 = Release|Any CPU
	EndGlobalSection
	GlobalSection(SolutionProperties) = preSolution
		HideSolutionNode = FALSE
	EndGlobalSection
	GlobalSection(ExtensibilityGlobals) = postSolution
		SolutionGuid = {5EDF9A8D-19AC-4727-9676-6BB80B75A9B3}
	EndGlobalSection
EndGlobal
