
Microsoft Visual Studio Solution File, Format Version 12.00
# Visual Studio Version 16
VisualStudioVersion = 16.0.31624.102
MinimumVisualStudioVersion = 10.0.40219.1
Project("{FAE04EC0-301F-11D3-BF4B-00C04F79EFBC}") = "ShoppingCartLib", "ShoppingCartLib\ShoppingCartLib.csproj", "{FD1C87E3-CBC8-4B19-94FD-59841B97F9ED}"
EndProject
Project("{FAE04EC0-301F-11D3-BF4B-00C04F79EFBC}") = "ShoppingCartTest", "ShoppingCartTest\ShoppingCartTest.csproj", "{70F46310-D50F-46DE-A920-6039B8A16CB0}"
EndProject
Global
	GlobalSection(SolutionConfigurationPlatforms) = preSolution
		Debug|Any CPU = Debug|Any CPU
		Release|Any CPU = Release|Any CPU
	EndGlobalSection
	GlobalSection(ProjectConfigurationPlatforms) = postSolution
		{FD1C87E3-CBC8-4B19-94FD-59841B97F9ED}.Debug|Any CPU.ActiveCfg = Debug|Any CPU
		{FD1C87E3-CBC8-4B19-94FD-59841B97F9ED}.Debug|Any CPU.Build.0 = Debug|Any CPU
		{FD1C87E3-CBC8-4B19-94FD-59841B97F9ED}.Release|Any CPU.ActiveCfg = Release|Any CPU
		{FD1C87E3-CBC8-4B19-94FD-59841B97F9ED}.Release|Any CPU.Build.0 = Release|Any CPU
		{70F46310-D50F-46DE-A920-6039B8A16CB0}.Debug|Any CPU.ActiveCfg = Debug|Any CPU
		{70F46310-D50F-46DE-A920-6039B8A16CB0}.Debug|Any CPU.Build.0 = Debug|Any CPU
		{70F46310-D50F-46DE-A920-6039B8A16CB0}.Release|Any CPU.ActiveCfg = Release|Any CPU
		{70F46310-D50F-46DE-A920-6039B8A16CB0}.Release|Any CPU.Build.0 = Release|Any CPU
	EndGlobalSection
	GlobalSection(SolutionProperties) = preSolution
		HideSolutionNode = FALSE
	EndGlobalSection
	GlobalSection(ExtensibilityGlobals) = postSolution
		SolutionGuid = {1A0F8C6E-2E78-4021-A651-75E1D9C3069B}
	EndGlobalSection
EndGlobal
