
Microsoft Visual Studio Solution File, Format Version 12.00
# Visual Studio Version 16
VisualStudioVersion = 16.0.31624.102
MinimumVisualStudioVersion = 10.0.40219.1
Project("{FAE04EC0-301F-11D3-BF4B-00C04F79EFBC}") = "CalcLibApp", "CalcLibApp\CalcLibApp.csproj", "{EB16D0C7-AF1E-4CE0-BEAE-0BB4D4943396}"
EndProject
Global
	GlobalSection(SolutionConfigurationPlatforms) = preSolution
		Debug|Any CPU = Debug|Any CPU
		Release|Any CPU = Release|Any CPU
	EndGlobalSection
	GlobalSection(ProjectConfigurationPlatforms) = postSolution
		{EB16D0C7-AF1E-4CE0-BEAE-0BB4D4943396}.Debug|Any CPU.ActiveCfg = Debug|Any CPU
		{EB16D0C7-AF1E-4CE0-BEAE-0BB4D4943396}.Debug|Any CPU.Build.0 = Debug|Any CPU
		{EB16D0C7-AF1E-4CE0-BEAE-0BB4D4943396}.Release|Any CPU.ActiveCfg = Release|Any CPU
		{EB16D0C7-AF1E-4CE0-BEAE-0BB4D4943396}.Release|Any CPU.Build.0 = Release|Any CPU
	EndGlobalSection
	GlobalSection(SolutionProperties) = preSolution
		HideSolutionNode = FALSE
	EndGlobalSection
	GlobalSection(ExtensibilityGlobals) = postSolution
		SolutionGuid = {0E7E25E6-0558-49C0-833A-5B699BA1B0D0}
	EndGlobalSection
EndGlobal
