
Microsoft Visual Studio Solution File, Format Version 12.00
# Visual Studio Version 16
VisualStudioVersion = 16.0.31624.102
MinimumVisualStudioVersion = 10.0.40219.1
Project("{FAE04EC0-301F-11D3-BF4B-00C04F79EFBC}") = "RectangleConsoleApp", "RectangleConsoleApp\RectangleConsoleApp.csproj", "{CEEEA820-F453-4B59-BB4B-CC6C3EE2434F}"
EndProject
Project("{FAE04EC0-301F-11D3-BF4B-00C04F79EFBC}") = "RectangleClassLibrary", "RectangleClassLibrary\RectangleClassLibrary.csproj", "{93070370-A12E-4D9C-A992-D9224FEB838E}"
EndProject
Global
	GlobalSection(SolutionConfigurationPlatforms) = preSolution
		Debug|Any CPU = Debug|Any CPU
		Release|Any CPU = Release|Any CPU
	EndGlobalSection
	GlobalSection(ProjectConfigurationPlatforms) = postSolution
		{CEEEA820-F453-4B59-BB4B-CC6C3EE2434F}.Debug|Any CPU.ActiveCfg = Debug|Any CPU
		{CEEEA820-F453-4B59-BB4B-CC6C3EE2434F}.Debug|Any CPU.Build.0 = Debug|Any CPU
		{CEEEA820-F453-4B59-BB4B-CC6C3EE2434F}.Release|Any CPU.ActiveCfg = Release|Any CPU
		{CEEEA820-F453-4B59-BB4B-CC6C3EE2434F}.Release|Any CPU.Build.0 = Release|Any CPU
		{93070370-A12E-4D9C-A992-D9224FEB838E}.Debug|Any CPU.ActiveCfg = Debug|Any CPU
		{93070370-A12E-4D9C-A992-D9224FEB838E}.Debug|Any CPU.Build.0 = Debug|Any CPU
		{93070370-A12E-4D9C-A992-D9224FEB838E}.Release|Any CPU.ActiveCfg = Release|Any CPU
		{93070370-A12E-4D9C-A992-D9224FEB838E}.Release|Any CPU.Build.0 = Release|Any CPU
	EndGlobalSection
	GlobalSection(SolutionProperties) = preSolution
		HideSolutionNode = FALSE
	EndGlobalSection
	GlobalSection(ExtensibilityGlobals) = postSolution
		SolutionGuid = {3B1F57DD-121A-4E73-9046-0ADEB5DB9248}
	EndGlobalSection
EndGlobal
