
Microsoft Visual Studio Solution File, Format Version 12.00
# Visual Studio Version 16
VisualStudioVersion = 16.0.31624.102
MinimumVisualStudioVersion = 10.0.40219.1
Project("{FAE04EC0-301F-11D3-BF4B-00C04F79EFBC}") = "BasicMathApp", "BasicMathApp\BasicMathApp.csproj", "{594DF176-7B62-4727-A4B1-80BCDD7B8D58}"
EndProject
Project("{FAE04EC0-301F-11D3-BF4B-00C04F79EFBC}") = "BasicMathTest", "BasicMathTest\BasicMathTest.csproj", "{75F38F41-325E-4A14-A812-F4EBDC559DFC}"
EndProject
Global
	GlobalSection(SolutionConfigurationPlatforms) = preSolution
		Debug|Any CPU = Debug|Any CPU
		Release|Any CPU = Release|Any CPU
	EndGlobalSection
	GlobalSection(ProjectConfigurationPlatforms) = postSolution
		{594DF176-7B62-4727-A4B1-80BCDD7B8D58}.Debug|Any CPU.ActiveCfg = Debug|Any CPU
		{594DF176-7B62-4727-A4B1-80BCDD7B8D58}.Debug|Any CPU.Build.0 = Debug|Any CPU
		{594DF176-7B62-4727-A4B1-80BCDD7B8D58}.Release|Any CPU.ActiveCfg = Release|Any CPU
		{594DF176-7B62-4727-A4B1-80BCDD7B8D58}.Release|Any CPU.Build.0 = Release|Any CPU
		{75F38F41-325E-4A14-A812-F4EBDC559DFC}.Debug|Any CPU.ActiveCfg = Debug|Any CPU
		{75F38F41-325E-4A14-A812-F4EBDC559DFC}.Debug|Any CPU.Build.0 = Debug|Any CPU
		{75F38F41-325E-4A14-A812-F4EBDC559DFC}.Release|Any CPU.ActiveCfg = Release|Any CPU
		{75F38F41-325E-4A14-A812-F4EBDC559DFC}.Release|Any CPU.Build.0 = Release|Any CPU
	EndGlobalSection
	GlobalSection(SolutionProperties) = preSolution
		HideSolutionNode = FALSE
	EndGlobalSection
	GlobalSection(ExtensibilityGlobals) = postSolution
		SolutionGuid = {9368769F-9F59-404B-BA0E-5839C196B1B9}
	EndGlobalSection
EndGlobal
