
Microsoft Visual Studio Solution File, Format Version 12.00
# Visual Studio Version 16
VisualStudioVersion = 16.0.31624.102
MinimumVisualStudioVersion = 10.0.40219.1
Project("{FAE04EC0-301F-11D3-BF4B-00C04F79EFBC}") = "AccountLib", "AccountLib\AccountLib.csproj", "{0B9448F1-B81D-45CB-AD98-FA6A3B320976}"
EndProject
Project("{FAE04EC0-301F-11D3-BF4B-00C04F79EFBC}") = "AccountConsoleApp", "AccountConsoleApp\AccountConsoleApp.csproj", "{DD12A3A9-60D7-43EA-B1E3-9B1EE444EA4B}"
EndProject
Global
	GlobalSection(SolutionConfigurationPlatforms) = preSolution
		Debug|Any CPU = Debug|Any CPU
		Release|Any CPU = Release|Any CPU
	EndGlobalSection
	GlobalSection(ProjectConfigurationPlatforms) = postSolution
		{0B9448F1-B81D-45CB-AD98-FA6A3B320976}.Debug|Any CPU.ActiveCfg = Debug|Any CPU
		{0B9448F1-B81D-45CB-AD98-FA6A3B320976}.Debug|Any CPU.Build.0 = Debug|Any CPU
		{0B9448F1-B81D-45CB-AD98-FA6A3B320976}.Release|Any CPU.ActiveCfg = Release|Any CPU
		{0B9448F1-B81D-45CB-AD98-FA6A3B320976}.Release|Any CPU.Build.0 = Release|Any CPU
		{DD12A3A9-60D7-43EA-B1E3-9B1EE444EA4B}.Debug|Any CPU.ActiveCfg = Debug|Any CPU
		{DD12A3A9-60D7-43EA-B1E3-9B1EE444EA4B}.Debug|Any CPU.Build.0 = Debug|Any CPU
		{DD12A3A9-60D7-43EA-B1E3-9B1EE444EA4B}.Release|Any CPU.ActiveCfg = Release|Any CPU
		{DD12A3A9-60D7-43EA-B1E3-9B1EE444EA4B}.Release|Any CPU.Build.0 = Release|Any CPU
	EndGlobalSection
	GlobalSection(SolutionProperties) = preSolution
		HideSolutionNode = FALSE
	EndGlobalSection
	GlobalSection(ExtensibilityGlobals) = postSolution
		SolutionGuid = {99975088-226E-441C-9886-CCDD530318BC}
	EndGlobalSection
EndGlobal
